
Microsoft Visual Studio Solution File, Format Version 12.00
# Visual Studio Version 17
VisualStudioVersion = 17.0.32014.148
MinimumVisualStudioVersion = 10.0.40219.1
Project("{9A19103F-16F7-4668-BE54-9A1E7A4F7556}") = "Proiect", "Proiect\Proiect.csproj", "{5955325F-7B85-4159-949E-50C1613B61D0}"
EndProject
Global
	GlobalSection(SolutionConfigurationPlatforms) = preSolution
		Debug|Any CPU = Debug|Any CPU
		Release|Any CPU = Release|Any CPU
	EndGlobalSection
	GlobalSection(ProjectConfigurationPlatforms) = postSolution
		{5955325F-7B85-4159-949E-50C1613B61D0}.Debug|Any CPU.ActiveCfg = Release|Any CPU
		{5955325F-7B85-4159-949E-50C1613B61D0}.Debug|Any CPU.Build.0 = Release|Any CPU
		{5955325F-7B85-4159-949E-50C1613B61D0}.Release|Any CPU.ActiveCfg = Release|Any CPU
		{5955325F-7B85-4159-949E-50C1613B61D0}.Release|Any CPU.Build.0 = Release|Any CPU
	EndGlobalSection
	GlobalSection(SolutionProperties) = preSolution
		HideSolutionNode = FALSE
	EndGlobalSection
	GlobalSection(ExtensibilityGlobals) = postSolution
		SolutionGuid = {99D68DF3-BF63-43B1-8D14-577936155B5F}
	EndGlobalSection
EndGlobal
